
Microsoft Visual Studio Solution File, Format Version 12.00
# Visual Studio Version 16
VisualStudioVersion = 16.0.30907.101
MinimumVisualStudioVersion = 10.0.40219.1
Project("{8BC9CEB8-8B4A-11D0-8D11-00A0C91BC942}") = "02_lab", "02_lab.vcxproj", "{5D64262E-5653-4E38-8D4F-7D279684CE9B}"
EndProject
Global
	GlobalSection(SolutionConfigurationPlatforms) = preSolution
		Debug|x64 = Debug|x64
		Debug|x86 = Debug|x86
		Release|x64 = Release|x64
		Release|x86 = Release|x86
	EndGlobalSection
	GlobalSection(ProjectConfigurationPlatforms) = postSolution
		{5D64262E-5653-4E38-8D4F-7D279684CE9B}.Debug|x64.ActiveCfg = Debug|x64
		{5D64262E-5653-4E38-8D4F-7D279684CE9B}.Debug|x64.Build.0 = Debug|x64
		{5D64262E-5653-4E38-8D4F-7D279684CE9B}.Debug|x86.ActiveCfg = Debug|Win32
		{5D64262E-5653-4E38-8D4F-7D279684CE9B}.Debug|x86.Build.0 = Debug|Win32
		{5D64262E-5653-4E38-8D4F-7D279684CE9B}.Release|x64.ActiveCfg = Release|x64
		{5D64262E-5653-4E38-8D4F-7D279684CE9B}.Release|x64.Build.0 = Release|x64
		{5D64262E-5653-4E38-8D4F-7D279684CE9B}.Release|x86.ActiveCfg = Release|Win32
		{5D64262E-5653-4E38-8D4F-7D279684CE9B}.Release|x86.Build.0 = Release|Win32
	EndGlobalSection
	GlobalSection(SolutionProperties) = preSolution
		HideSolutionNode = FALSE
	EndGlobalSection
	GlobalSection(ExtensibilityGlobals) = postSolution
		SolutionGuid = {5EE1D40D-EC5B-42A1-8BD4-E118D839791D}
	EndGlobalSection
EndGlobal
